
Microsoft Visual Studio Solution File, Format Version 12.00
# Visual Studio 2012
Project("{FAE04EC0-301F-11D3-BF4B-00C04F79EFBC}") = "MatchTheTiles", "MatchTheTiles\MatchTheTiles.csproj", "{E21EBD77-BD39-4C52-A1EC-093BB145D6F4}"
EndProject
Global
	GlobalSection(SolutionConfigurationPlatforms) = preSolution
		Debug|iPhoneSimulator = Debug|iPhoneSimulator
		Release|iPhone = Release|iPhone
		Release|iPhoneSimulator = Release|iPhoneSimulator
		Debug|iPhone = Debug|iPhone
	EndGlobalSection
	GlobalSection(ProjectConfigurationPlatforms) = postSolution
		{E21EBD77-BD39-4C52-A1EC-093BB145D6F4}.Debug|iPhoneSimulator.ActiveCfg = Debug|iPhoneSimulator
		{E21EBD77-BD39-4C52-A1EC-093BB145D6F4}.Debug|iPhoneSimulator.Build.0 = Debug|iPhoneSimulator
		{E21EBD77-BD39-4C52-A1EC-093BB145D6F4}.Release|iPhone.ActiveCfg = Release|iPhone
		{E21EBD77-BD39-4C52-A1EC-093BB145D6F4}.Release|iPhone.Build.0 = Release|iPhone
		{E21EBD77-BD39-4C52-A1EC-093BB145D6F4}.Release|iPhoneSimulator.ActiveCfg = Release|iPhoneSimulator
		{E21EBD77-BD39-4C52-A1EC-093BB145D6F4}.Release|iPhoneSimulator.Build.0 = Release|iPhoneSimulator
		{E21EBD77-BD39-4C52-A1EC-093BB145D6F4}.Debug|iPhone.ActiveCfg = Debug|iPhone
		{E21EBD77-BD39-4C52-A1EC-093BB145D6F4}.Debug|iPhone.Build.0 = Debug|iPhone
	EndGlobalSection
EndGlobal
